github.com/extism/go-pdk v1.0.1 h1:M2L4sIgb2bUyEpmkpmwQu3H7ksd/EcDK44RaAd+YIeo=
github.com/extism/go-pdk v1.0.1/go.mod h1:Gz+LIU/YCKnKXhgge8yo5Yu1F/lbv7KtKFkiCSzW/P4=
github.com/extism/go-pdk v1.0.2-0.20240202061512-fae85da4456d h1:x3TtTceKEweMHjTSCfC7+7Z3F2mSMVX7ceSFBsfKrqE=
github.com/extism/go-pdk v1.0.2-0.20240202061512-fae85da4456d/go.mod h1:Gz+LIU/YCKnKXhgge8yo5Yu1F/lbv7KtKFkiCSzW/P4=
github.com/valyala/fastjson v1.6.4 h1:uAUNq9Z6ymTgGhcm0UynUAB6tlbakBrz6CQFax3BXVQ=
github.com/valyala/fastjson v1.6.4/go.mod h1:CLCAqky6SMuOcxStkYQvblddUtoRxhYMGLrsQns1aXY=
